# This file is automatically @generated by Cargo.
# It is not intended for manual editing.
version = 3

[[package]]
name = "protocol"
version = "0.1.0"
dependencies = [
 "protocol_derive",
]

[[package]]
name = "protocol_derive"
version = "0.1.0"

[[package]]
name = "server_list"
version = "0.1.0"
dependencies = [
 "protocol",
]
